
Microsoft Visual Studio Solution File, Format Version 12.00
# Visual Studio Version 17
VisualStudioVersion = 17.14.36616.10 d17.14
MinimumVisualStudioVersion = 10.0.40219.1
Project("{FAE04EC0-301F-11D3-BF4B-00C04F79EFBC}") = "EEPrintViewer", "EEPrintViewer\EEPrintViewer.csproj", "{8215572F-7096-2EDD-1FD1-578B48C6904A}"
EndProject
Project("{FAE04EC0-301F-11D3-BF4B-00C04F79EFBC}") = "EEPrintAPI", "EEPrintAPI\EEPrintAPI.csproj", "{5205B296-7E11-2A30-62F2-1B60C23D21EC}"
EndProject
Global
	GlobalSection(SolutionConfigurationPlatforms) = preSolution
		Debug|Any CPU = Debug|Any CPU
		Release|Any CPU = Release|Any CPU
	EndGlobalSection
	GlobalSection(ProjectConfigurationPlatforms) = postSolution
		{8215572F-7096-2EDD-1FD1-578B48C6904A}.Debug|Any CPU.ActiveCfg = Debug|Any CPU
		{8215572F-7096-2EDD-1FD1-578B48C6904A}.Debug|Any CPU.Build.0 = Debug|Any CPU
		{8215572F-7096-2EDD-1FD1-578B48C6904A}.Release|Any CPU.ActiveCfg = Release|Any CPU
		{8215572F-7096-2EDD-1FD1-578B48C6904A}.Release|Any CPU.Build.0 = Release|Any CPU
		{5205B296-7E11-2A30-62F2-1B60C23D21EC}.Debug|Any CPU.ActiveCfg = Debug|Any CPU
		{5205B296-7E11-2A30-62F2-1B60C23D21EC}.Debug|Any CPU.Build.0 = Debug|Any CPU
		{5205B296-7E11-2A30-62F2-1B60C23D21EC}.Release|Any CPU.ActiveCfg = Release|Any CPU
		{5205B296-7E11-2A30-62F2-1B60C23D21EC}.Release|Any CPU.Build.0 = Release|Any CPU
	EndGlobalSection
	GlobalSection(SolutionProperties) = preSolution
		HideSolutionNode = FALSE
	EndGlobalSection
	GlobalSection(ExtensibilityGlobals) = postSolution
		SolutionGuid = {84BEE0DA-43ED-408E-B033-9566E42348DE}
	EndGlobalSection
EndGlobal
